
Microsoft Visual Studio Solution File, Format Version 12.00
# Visual Studio Version 17
VisualStudioVersion = 17.5.33516.290
MinimumVisualStudioVersion = 10.0.40219.1
Project("{9A19103F-16F7-4668-BE54-9A1E7A4F7556}") = "Final Programacion", "Final Programacion\Final Programacion.csproj", "{5AFC9A0B-584C-46E3-8E7F-A70C808AA277}"
EndProject
Project("{FAE04EC0-301F-11D3-BF4B-00C04F79EFBC}") = "Forms.Datos", "Forms.Datos\Forms.Datos.csproj", "{C3585127-F45C-4002-9604-8ADEDB557DC0}"
EndProject
Project("{FAE04EC0-301F-11D3-BF4B-00C04F79EFBC}") = "forms.Entidades", "forms.Entidades\forms.Entidades.csproj", "{AC3E260A-C651-4A89-88CA-A04906BC5998}"
EndProject
Global
	GlobalSection(SolutionConfigurationPlatforms) = preSolution
		Debug|Any CPU = Debug|Any CPU
		Release|Any CPU = Release|Any CPU
	EndGlobalSection
	GlobalSection(ProjectConfigurationPlatforms) = postSolution
		{5AFC9A0B-584C-46E3-8E7F-A70C808AA277}.Debug|Any CPU.ActiveCfg = Debug|Any CPU
		{5AFC9A0B-584C-46E3-8E7F-A70C808AA277}.Debug|Any CPU.Build.0 = Debug|Any CPU
		{5AFC9A0B-584C-46E3-8E7F-A70C808AA277}.Release|Any CPU.ActiveCfg = Release|Any CPU
		{5AFC9A0B-584C-46E3-8E7F-A70C808AA277}.Release|Any CPU.Build.0 = Release|Any CPU
		{C3585127-F45C-4002-9604-8ADEDB557DC0}.Debug|Any CPU.ActiveCfg = Debug|Any CPU
		{C3585127-F45C-4002-9604-8ADEDB557DC0}.Debug|Any CPU.Build.0 = Debug|Any CPU
		{C3585127-F45C-4002-9604-8ADEDB557DC0}.Release|Any CPU.ActiveCfg = Release|Any CPU
		{C3585127-F45C-4002-9604-8ADEDB557DC0}.Release|Any CPU.Build.0 = Release|Any CPU
		{AC3E260A-C651-4A89-88CA-A04906BC5998}.Debug|Any CPU.ActiveCfg = Debug|Any CPU
		{AC3E260A-C651-4A89-88CA-A04906BC5998}.Debug|Any CPU.Build.0 = Debug|Any CPU
		{AC3E260A-C651-4A89-88CA-A04906BC5998}.Release|Any CPU.ActiveCfg = Release|Any CPU
		{AC3E260A-C651-4A89-88CA-A04906BC5998}.Release|Any CPU.Build.0 = Release|Any CPU
	EndGlobalSection
	GlobalSection(SolutionProperties) = preSolution
		HideSolutionNode = FALSE
	EndGlobalSection
	GlobalSection(ExtensibilityGlobals) = postSolution
		SolutionGuid = {51570A7B-B461-4D73-BE0A-B0AA059AF9D5}
	EndGlobalSection
EndGlobal
